// !$*UTF8*$!
{
	archiveVersion = 1;
	classes = {
	};
	objectVersion = 46;
	objects = {

/* Begin PBXBuildFile section */
		6003F58E195388D20070C39A /* Foundation.framework in Frameworks */ = {isa = PBXBuildFile; fileRef = 6003F58D195388D20070C39A /* Foundation.framework */; };
		6003F590195388D20070C39A /* CoreGraphics.framework in Frameworks */ = {isa = PBXBuildFile; fileRef = 6003F58F195388D20070C39A /* CoreGraphics.framework */; };
		6003F592195388D20070C39A /* UIKit.framework in Frameworks */ = {isa = PBXBuildFile; fileRef = 6003F591195388D20070C39A /* UIKit.framework */; };
		6003F598195388D20070C39A /* InfoPlist.strings in Resources */ = {isa = PBXBuildFile; fileRef = 6003F596195388D20070C39A /* InfoPlist.strings */; };
		6003F59A195388D20070C39A /* main.m in Sources */ = {isa = PBXBuildFile; fileRef = 6003F599195388D20070C39A /* main.m */; };
		6003F59E195388D20070C39A /* AppDelegate.m in Sources */ = {isa = PBXBuildFile; fileRef = 6003F59D195388D20070C39A /* AppDelegate.m */; };
		6003F5A7195388D20070C39A /* EXHDViewController.m in Sources */ = {isa = PBXBuildFile; fileRef = 6003F5A6195388D20070C39A /* EXHDViewController.m */; };
		6003F5A9195388D20070C39A /* Images.xcassets in Resources */ = {isa = PBXBuildFile; fileRef = 6003F5A8195388D20070C39A /* Images.xcassets */; };
		B0120E831EE4F6E900661D50 /* Default-568h@2x.png in Resources */ = {isa = PBXBuildFile; fileRef = B0120E7E1EE4F6E900661D50 /* Default-568h@2x.png */; };
		B0120E841EE4F6E900661D50 /* Default-667h@2x.png in Resources */ = {isa = PBXBuildFile; fileRef = B0120E7F1EE4F6E900661D50 /* Default-667h@2x.png */; };
		B0120E851EE4F6E900661D50 /* Default-736h@3x.png in Resources */ = {isa = PBXBuildFile; fileRef = B0120E801EE4F6E900661D50 /* Default-736h@3x.png */; };
		B0120E861EE4F6E900661D50 /* Default.png in Resources */ = {isa = PBXBuildFile; fileRef = B0120E811EE4F6E900661D50 /* Default.png */; };
		B0120E871EE4F6E900661D50 /* Default@2x.png in Resources */ = {isa = PBXBuildFile; fileRef = B0120E821EE4F6E900661D50 /* Default@2x.png */; };
		B0120E951EE6527600661D50 /* Main.storyboard in Resources */ = {isa = PBXBuildFile; fileRef = B0120E941EE6527600661D50 /* Main.storyboard */; };
		F65CB15A175C4FE68126909E /* libPods-HDVideoCallModule_Example.a in Frameworks */ = {isa = PBXBuildFile; fileRef = 5B6D8FFBD005F618A079BD69 /* libPods-HDVideoCallModule_Example.a */; };
/* End PBXBuildFile section */

/* Begin PBXCopyFilesBuildPhase section */
		0CAD7E5E1EF118600080E3BD /* Embed App Extensions */ = {
			isa = PBXCopyFilesBuildPhase;
			buildActionMask = 2147483647;
			dstPath = "";
			dstSubfolderSpec = 13;
			files = (
			);
			name = "Embed App Extensions";
			runOnlyForDeploymentPostprocessing = 0;
		};
		0CAD7E8A1EF118BF0080E3BD /* Embed Watch Content */ = {
			isa = PBXCopyFilesBuildPhase;
			buildActionMask = 2147483647;
			dstPath = "$(CONTENTS_FOLDER_PATH)/Watch";
			dstSubfolderSpec = 16;
			files = (
			);
			name = "Embed Watch Content";
			runOnlyForDeploymentPostprocessing = 0;
		};
/* End PBXCopyFilesBuildPhase section */

/* Begin PBXFileReference section */
		0C74679C1EF38D08003A1D44 /* Assets.xcassets */ = {isa = PBXFileReference; lastKnownFileType = folder.assetcatalog; path = Assets.xcassets; sourceTree = "<group>"; };
		0C74679D1EF38D08003A1D44 /* ExtensionDelegate.h */ = {isa = PBXFileReference; fileEncoding = 4; lastKnownFileType = sourcecode.c.h; path = ExtensionDelegate.h; sourceTree = "<group>"; };
		0C74679E1EF38D08003A1D44 /* ExtensionDelegate.m */ = {isa = PBXFileReference; fileEncoding = 4; lastKnownFileType = sourcecode.c.objc; path = ExtensionDelegate.m; sourceTree = "<group>"; };
		0C74679F1EF38D08003A1D44 /* Info.plist */ = {isa = PBXFileReference; fileEncoding = 4; lastKnownFileType = text.plist.xml; path = Info.plist; sourceTree = "<group>"; };
		0C7467A01EF38D08003A1D44 /* InterfaceController.h */ = {isa = PBXFileReference; fileEncoding = 4; lastKnownFileType = sourcecode.c.h; path = InterfaceController.h; sourceTree = "<group>"; };
		0C7467A11EF38D08003A1D44 /* InterfaceController.m */ = {isa = PBXFileReference; fileEncoding = 4; lastKnownFileType = sourcecode.c.objc; path = InterfaceController.m; sourceTree = "<group>"; };
		0C7467A21EF38D08003A1D44 /* NotificationController.h */ = {isa = PBXFileReference; fileEncoding = 4; lastKnownFileType = sourcecode.c.h; path = NotificationController.h; sourceTree = "<group>"; };
		0C7467A31EF38D08003A1D44 /* NotificationController.m */ = {isa = PBXFileReference; fileEncoding = 4; lastKnownFileType = sourcecode.c.objc; path = NotificationController.m; sourceTree = "<group>"; };
		0C7467A41EF38D08003A1D44 /* PushNotificationPayload.apns */ = {isa = PBXFileReference; fileEncoding = 4; lastKnownFileType = text; path = PushNotificationPayload.apns; sourceTree = "<group>"; };
		0CAD7E4E1EF1185F0080E3BD /* NotificationCenter.framework */ = {isa = PBXFileReference; lastKnownFileType = wrapper.framework; name = NotificationCenter.framework; path = System/Library/Frameworks/NotificationCenter.framework; sourceTree = SDKROOT; };
		0CAD7E511EF1185F0080E3BD /* TodayViewController.h */ = {isa = PBXFileReference; lastKnownFileType = sourcecode.c.h; path = TodayViewController.h; sourceTree = "<group>"; };
		0CAD7E521EF1185F0080E3BD /* TodayViewController.m */ = {isa = PBXFileReference; lastKnownFileType = sourcecode.c.objc; path = TodayViewController.m; sourceTree = "<group>"; };
		0CAD7E551EF118600080E3BD /* Base */ = {isa = PBXFileReference; lastKnownFileType = file.storyboard; name = Base; path = Base.lproj/MainInterface.storyboard; sourceTree = "<group>"; };
		0CAD7E571EF118600080E3BD /* Info.plist */ = {isa = PBXFileReference; lastKnownFileType = text.plist.xml; path = Info.plist; sourceTree = "<group>"; };
		0CAD7E9D1EF119A30080E3BD /* Base */ = {isa = PBXFileReference; lastKnownFileType = file.storyboard; name = Base; path = Base.lproj/Interface.storyboard; sourceTree = "<group>"; };
		0CAD7E9F1EF119A40080E3BD /* Assets.xcassets */ = {isa = PBXFileReference; lastKnownFileType = folder.assetcatalog; path = Assets.xcassets; sourceTree = "<group>"; };
		0CAD7EA11EF119A40080E3BD /* Info.plist */ = {isa = PBXFileReference; lastKnownFileType = text.plist.xml; path = Info.plist; sourceTree = "<group>"; };
		0CAD7EDB1EF11B3C0080E3BD /* NotificationService.h */ = {isa = PBXFileReference; lastKnownFileType = sourcecode.c.h; path = NotificationService.h; sourceTree = "<group>"; };
		0CAD7EDC1EF11B3C0080E3BD /* NotificationService.m */ = {isa = PBXFileReference; lastKnownFileType = sourcecode.c.objc; path = NotificationService.m; sourceTree = "<group>"; };
		0CAD7EDE1EF11B3C0080E3BD /* Info.plist */ = {isa = PBXFileReference; lastKnownFileType = text.plist.xml; path = Info.plist; sourceTree = "<group>"; };
		0CAD7EEA1EF11B560080E3BD /* UserNotifications.framework */ = {isa = PBXFileReference; lastKnownFileType = wrapper.framework; name = UserNotifications.framework; path = System/Library/Frameworks/UserNotifications.framework; sourceTree = SDKROOT; };
		0CAD7EEC1EF11B560080E3BD /* UserNotificationsUI.framework */ = {isa = PBXFileReference; lastKnownFileType = wrapper.framework; name = UserNotificationsUI.framework; path = System/Library/Frameworks/UserNotificationsUI.framework; sourceTree = SDKROOT; };
		0CAD7EEF1EF11B560080E3BD /* NotificationViewController.h */ = {isa = PBXFileReference; lastKnownFileType = sourcecode.c.h; path = NotificationViewController.h; sourceTree = "<group>"; };
		0CAD7EF01EF11B560080E3BD /* NotificationViewController.m */ = {isa = PBXFileReference; lastKnownFileType = sourcecode.c.objc; path = NotificationViewController.m; sourceTree = "<group>"; };
		0CAD7EF31EF11B570080E3BD /* Base */ = {isa = PBXFileReference; lastKnownFileType = file.storyboard; name = Base; path = Base.lproj/MainInterface.storyboard; sourceTree = "<group>"; };
		0CAD7EF51EF11B570080E3BD /* Info.plist */ = {isa = PBXFileReference; lastKnownFileType = text.plist.xml; path = Info.plist; sourceTree = "<group>"; };
		0CAD7F001EF11B6A0080E3BD /* Stickers.xcassets */ = {isa = PBXFileReference; lastKnownFileType = folder.assetcatalog; path = Stickers.xcassets; sourceTree = "<group>"; };
		0CAD7F021EF11B6A0080E3BD /* Info.plist */ = {isa = PBXFileReference; lastKnownFileType = text.plist.xml; path = Info.plist; sourceTree = "<group>"; };
		0CAD7F1B1EF234650080E3BD /* JD4iPhone_adhoc.xcconfig */ = {isa = PBXFileReference; fileEncoding = 4; lastKnownFileType = text.xcconfig; path = JD4iPhone_adhoc.xcconfig; sourceTree = "<group>"; };
		0CAD7F1C1EF234650080E3BD /* JDMobileStickerPackExtension_adhoc.xcconfig */ = {isa = PBXFileReference; fileEncoding = 4; lastKnownFileType = text.xcconfig; path = JDMobileStickerPackExtension_adhoc.xcconfig; sourceTree = "<group>"; };
		0CAD7F1D1EF234650080E3BD /* JDPushContentExtension_adhoc.xcconfig */ = {isa = PBXFileReference; fileEncoding = 4; lastKnownFileType = text.xcconfig; path = JDPushContentExtension_adhoc.xcconfig; sourceTree = "<group>"; };
		0CAD7F1E1EF234650080E3BD /* JDPushServiceExtension_adhoc.xcconfig */ = {isa = PBXFileReference; fileEncoding = 4; lastKnownFileType = text.xcconfig; path = JDPushServiceExtension_adhoc.xcconfig; sourceTree = "<group>"; };
		0CAD7F1F1EF234650080E3BD /* JDTodayExtension_adhoc.xcconfig */ = {isa = PBXFileReference; fileEncoding = 4; lastKnownFileType = text.xcconfig; path = JDTodayExtension_adhoc.xcconfig; sourceTree = "<group>"; };
		0CAD7F201EF234650080E3BD /* JDWatch_adhoc.xcconfig */ = {isa = PBXFileReference; fileEncoding = 4; lastKnownFileType = text.xcconfig; path = JDWatch_adhoc.xcconfig; sourceTree = "<group>"; };
		0CAD7F211EF234650080E3BD /* JDWatchExtension_adhoc.xcconfig */ = {isa = PBXFileReference; fileEncoding = 4; lastKnownFileType = text.xcconfig; path = JDWatchExtension_adhoc.xcconfig; sourceTree = "<group>"; };
		0CAD7F3E1EF234650080E3BD /* Common.xcconfig */ = {isa = PBXFileReference; fileEncoding = 4; lastKnownFileType = text.xcconfig; path = Common.xcconfig; sourceTree = "<group>"; };
		0CAD7F401EF234650080E3BD /* JD4iPhone_debug.xcconfig */ = {isa = PBXFileReference; fileEncoding = 4; lastKnownFileType = text.xcconfig; path = JD4iPhone_debug.xcconfig; sourceTree = "<group>"; };
		0CAD7F411EF234650080E3BD /* JDMobileStickerPackExtension_debug.xcconfig */ = {isa = PBXFileReference; fileEncoding = 4; lastKnownFileType = text.xcconfig; path = JDMobileStickerPackExtension_debug.xcconfig; sourceTree = "<group>"; };
		0CAD7F421EF234650080E3BD /* JDPushContentExtension_debug.xcconfig */ = {isa = PBXFileReference; fileEncoding = 4; lastKnownFileType = text.xcconfig; path = JDPushContentExtension_debug.xcconfig; sourceTree = "<group>"; };
		0CAD7F431EF234650080E3BD /* JDPushServiceExtension_debug.xcconfig */ = {isa = PBXFileReference; fileEncoding = 4; lastKnownFileType = text.xcconfig; path = JDPushServiceExtension_debug.xcconfig; sourceTree = "<group>"; };
		0CAD7F441EF234650080E3BD /* JDTodayExtension_debug.xcconfig */ = {isa = PBXFileReference; fileEncoding = 4; lastKnownFileType = text.xcconfig; path = JDTodayExtension_debug.xcconfig; sourceTree = "<group>"; };
		0CAD7F451EF234650080E3BD /* JDWatch_debug.xcconfig */ = {isa = PBXFileReference; fileEncoding = 4; lastKnownFileType = text.xcconfig; path = JDWatch_debug.xcconfig; sourceTree = "<group>"; };
		0CAD7F461EF234650080E3BD /* JDWatchExtension_debug.xcconfig */ = {isa = PBXFileReference; fileEncoding = 4; lastKnownFileType = text.xcconfig; path = JDWatchExtension_debug.xcconfig; sourceTree = "<group>"; };
		0CAD7F471EF234650080E3BD /* Profile_JD.xcconfig */ = {isa = PBXFileReference; fileEncoding = 4; lastKnownFileType = text.xcconfig; path = Profile_JD.xcconfig; sourceTree = "<group>"; };
		0CAD7F481EF234650080E3BD /* Profile_SK.xcconfig */ = {isa = PBXFileReference; fileEncoding = 4; lastKnownFileType = text.xcconfig; path = Profile_SK.xcconfig; sourceTree = "<group>"; };
		0CAD7F491EF234650080E3BD /* README.md */ = {isa = PBXFileReference; fileEncoding = 4; lastKnownFileType = net.daringfireball.markdown; path = README.md; sourceTree = "<group>"; };
		0CAD7F4B1EF234650080E3BD /* JD4iPhone_release.xcconfig */ = {isa = PBXFileReference; fileEncoding = 4; lastKnownFileType = text.xcconfig; path = JD4iPhone_release.xcconfig; sourceTree = "<group>"; };
		0CAD7F4C1EF234650080E3BD /* JDMobileStickerPackExtension_release.xcconfig */ = {isa = PBXFileReference; fileEncoding = 4; lastKnownFileType = text.xcconfig; path = JDMobileStickerPackExtension_release.xcconfig; sourceTree = "<group>"; };
		0CAD7F4D1EF234650080E3BD /* JDPushContentExtension_release.xcconfig */ = {isa = PBXFileReference; fileEncoding = 4; lastKnownFileType = text.xcconfig; path = JDPushContentExtension_release.xcconfig; sourceTree = "<group>"; };
		0CAD7F4E1EF234650080E3BD /* JDPushServiceExtensionn_release.xcconfig */ = {isa = PBXFileReference; fileEncoding = 4; lastKnownFileType = text.xcconfig; path = JDPushServiceExtensionn_release.xcconfig; sourceTree = "<group>"; };
		0CAD7F4F1EF234650080E3BD /* JDTodayExtension_release.xcconfig */ = {isa = PBXFileReference; fileEncoding = 4; lastKnownFileType = text.xcconfig; path = JDTodayExtension_release.xcconfig; sourceTree = "<group>"; };
		0CAD7F501EF234650080E3BD /* JDWatch_release.xcconfig */ = {isa = PBXFileReference; fileEncoding = 4; lastKnownFileType = text.xcconfig; path = JDWatch_release.xcconfig; sourceTree = "<group>"; };
		0CAD7F511EF234650080E3BD /* JDWatchExtension_release.xcconfig */ = {isa = PBXFileReference; fileEncoding = 4; lastKnownFileType = text.xcconfig; path = JDWatchExtension_release.xcconfig; sourceTree = "<group>"; };
		16215A949BC80CC163ECE03A /* libPods-JDPushServiceExtension.a */ = {isa = PBXFileReference; explicitFileType = archive.ar; includeInIndex = 0; path = "libPods-JDPushServiceExtension.a"; sourceTree = BUILT_PRODUCTS_DIR; };
		1DD141D91249FA49098774C3 /* Pods-JDWatch.release.xcconfig */ = {isa = PBXFileReference; includeInIndex = 1; lastKnownFileType = text.xcconfig; name = "Pods-JDWatch.release.xcconfig"; path = "Target Support Files/Pods-JDWatch/Pods-JDWatch.release.xcconfig"; sourceTree = "<group>"; };
		1E418DFCC0C49B822DB7996E /* README.md */ = {isa = PBXFileReference; includeInIndex = 1; lastKnownFileType = net.daringfireball.markdown; name = README.md; path = ../README.md; sourceTree = "<group>"; };
		1F81B693A092BC9C9D8242E7 /* HDVideoCallModule.podspec */ = {isa = PBXFileReference; includeInIndex = 1; lastKnownFileType = text; name = HDVideoCallModule.podspec; path = ../HDVideoCallModule.podspec; sourceTree = "<group>"; };
		20DE34DC9E1AE3D4ADA5B6BE /* libPods-JDTodayExtension.a */ = {isa = PBXFileReference; explicitFileType = archive.ar; includeInIndex = 0; path = "libPods-JDTodayExtension.a"; sourceTree = BUILT_PRODUCTS_DIR; };
		2F0BF2F7113A64FCEEA11104 /* Pods-HDVideoCallModule_Example.release.xcconfig */ = {isa = PBXFileReference; includeInIndex = 1; lastKnownFileType = text.xcconfig; name = "Pods-HDVideoCallModule_Example.release.xcconfig"; path = "Target Support Files/Pods-HDVideoCallModule_Example/Pods-HDVideoCallModule_Example.release.xcconfig"; sourceTree = "<group>"; };
		2F8B83C6243BE0D3B59E85E3 /* libPods-JDPushContentExtension.a */ = {isa = PBXFileReference; explicitFileType = archive.ar; includeInIndex = 0; path = "libPods-JDPushContentExtension.a"; sourceTree = BUILT_PRODUCTS_DIR; };
		41AC4275094ACA76AB81CF55 /* Pods-JDTodayExtension.debug.xcconfig */ = {isa = PBXFileReference; includeInIndex = 1; lastKnownFileType = text.xcconfig; name = "Pods-JDTodayExtension.debug.xcconfig"; path = "Target Support Files/Pods-JDTodayExtension/Pods-JDTodayExtension.debug.xcconfig"; sourceTree = "<group>"; };
		42123A97301A8A3093EEC37F /* Pods-JDTodayExtension.adhoc.xcconfig */ = {isa = PBXFileReference; includeInIndex = 1; lastKnownFileType = text.xcconfig; name = "Pods-JDTodayExtension.adhoc.xcconfig"; path = "Target Support Files/Pods-JDTodayExtension/Pods-JDTodayExtension.adhoc.xcconfig"; sourceTree = "<group>"; };
		464729799FDBEE79661B547B /* Pods-JDPushServiceExtension.release.xcconfig */ = {isa = PBXFileReference; includeInIndex = 1; lastKnownFileType = text.xcconfig; name = "Pods-JDPushServiceExtension.release.xcconfig"; path = "Target Support Files/Pods-JDPushServiceExtension/Pods-JDPushServiceExtension.release.xcconfig"; sourceTree = "<group>"; };
		4690EB42C6A6C2229207D222 /* LICENSE */ = {isa = PBXFileReference; includeInIndex = 1; lastKnownFileType = text; name = LICENSE; path = ../LICENSE; sourceTree = "<group>"; };
		47D685730036BB674D65E17E /* Pods-JDPushContentExtension.adhoc.xcconfig */ = {isa = PBXFileReference; includeInIndex = 1; lastKnownFileType = text.xcconfig; name = "Pods-JDPushContentExtension.adhoc.xcconfig"; path = "Target Support Files/Pods-JDPushContentExtension/Pods-JDPushContentExtension.adhoc.xcconfig"; sourceTree = "<group>"; };
		568EC0BDB569DEDE1A1BE102 /* Pods-JDTodayExtension.release.xcconfig */ = {isa = PBXFileReference; includeInIndex = 1; lastKnownFileType = text.xcconfig; name = "Pods-JDTodayExtension.release.xcconfig"; path = "Target Support Files/Pods-JDTodayExtension/Pods-JDTodayExtension.release.xcconfig"; sourceTree = "<group>"; };
		5A091D51051048114D274D2A /* Pods-HDVideoCallModule_Example.debug.xcconfig */ = {isa = PBXFileReference; includeInIndex = 1; lastKnownFileType = text.xcconfig; name = "Pods-HDVideoCallModule_Example.debug.xcconfig"; path = "Target Support Files/Pods-HDVideoCallModule_Example/Pods-HDVideoCallModule_Example.debug.xcconfig"; sourceTree = "<group>"; };
		5B6D8FFBD005F618A079BD69 /* libPods-HDVideoCallModule_Example.a */ = {isa = PBXFileReference; explicitFileType = archive.ar; includeInIndex = 0; path = "libPods-HDVideoCallModule_Example.a"; sourceTree = BUILT_PRODUCTS_DIR; };
		6003F58A195388D20070C39A /* HDVideoCallModule_Example.app */ = {isa = PBXFileReference; explicitFileType = wrapper.application; includeInIndex = 0; path = HDVideoCallModule_Example.app; sourceTree = BUILT_PRODUCTS_DIR; };
		6003F58D195388D20070C39A /* Foundation.framework */ = {isa = PBXFileReference; lastKnownFileType = wrapper.framework; name = Foundation.framework; path = System/Library/Frameworks/Foundation.framework; sourceTree = SDKROOT; };
		6003F58F195388D20070C39A /* CoreGraphics.framework */ = {isa = PBXFileReference; lastKnownFileType = wrapper.framework; name = CoreGraphics.framework; path = System/Library/Frameworks/CoreGraphics.framework; sourceTree = SDKROOT; };
		6003F591195388D20070C39A /* UIKit.framework */ = {isa = PBXFileReference; lastKnownFileType = wrapper.framework; name = UIKit.framework; path = System/Library/Frameworks/UIKit.framework; sourceTree = SDKROOT; };
		6003F595195388D20070C39A /* HDVideoCallModule-Info.plist */ = {isa = PBXFileReference; lastKnownFileType = text.plist.xml; path = "HDVideoCallModule-Info.plist"; sourceTree = "<group>"; };
		6003F597195388D20070C39A /* en */ = {isa = PBXFileReference; lastKnownFileType = text.plist.strings; name = en; path = en.lproj/InfoPlist.strings; sourceTree = "<group>"; };
		6003F599195388D20070C39A /* main.m */ = {isa = PBXFileReference; lastKnownFileType = sourcecode.c.objc; path = main.m; sourceTree = "<group>"; };
		6003F59B195388D20070C39A /* HDVideoCallModule-Prefix.pch */ = {isa = PBXFileReference; lastKnownFileType = sourcecode.c.h; path = "HDVideoCallModule-Prefix.pch"; sourceTree = "<group>"; };
		6003F59C195388D20070C39A /* AppDelegate.h */ = {isa = PBXFileReference; lastKnownFileType = sourcecode.c.h; path = AppDelegate.h; sourceTree = "<group>"; };
		6003F59D195388D20070C39A /* AppDelegate.m */ = {isa = PBXFileReference; lastKnownFileType = sourcecode.c.objc; path = AppDelegate.m; sourceTree = "<group>"; };
		6003F5A5195388D20070C39A /* EXHDViewController.h */ = {isa = PBXFileReference; lastKnownFileType = sourcecode.c.h; path = EXHDViewController.h; sourceTree = "<group>"; };
		6003F5A6195388D20070C39A /* EXHDViewController.m */ = {isa = PBXFileReference; lastKnownFileType = sourcecode.c.objc; path = EXHDViewController.m; sourceTree = "<group>"; };
		6003F5A8195388D20070C39A /* Images.xcassets */ = {isa = PBXFileReference; lastKnownFileType = folder.assetcatalog; path = Images.xcassets; sourceTree = "<group>"; };
		6003F5AF195388D20070C39A /* XCTest.framework */ = {isa = PBXFileReference; lastKnownFileType = wrapper.framework; name = XCTest.framework; path = Library/Frameworks/XCTest.framework; sourceTree = DEVELOPER_DIR; };
		6003F5B7195388D20070C39A /* Tests-Info.plist */ = {isa = PBXFileReference; lastKnownFileType = text.plist.xml; path = "Tests-Info.plist"; sourceTree = "<group>"; };
		6003F5B9195388D20070C39A /* en */ = {isa = PBXFileReference; lastKnownFileType = text.plist.strings; name = en; path = en.lproj/InfoPlist.strings; sourceTree = "<group>"; };
		6003F5BB195388D20070C39A /* Tests.m */ = {isa = PBXFileReference; lastKnownFileType = sourcecode.c.objc; path = Tests.m; sourceTree = "<group>"; };
		606FC2411953D9B200FFA9A0 /* Tests-Prefix.pch */ = {isa = PBXFileReference; lastKnownFileType = sourcecode.c.h; path = "Tests-Prefix.pch"; sourceTree = "<group>"; };
		64D081783AAD4F7747357983 /* Pods-JDPushContentExtension.debug.xcconfig */ = {isa = PBXFileReference; includeInIndex = 1; lastKnownFileType = text.xcconfig; name = "Pods-JDPushContentExtension.debug.xcconfig"; path = "Target Support Files/Pods-JDPushContentExtension/Pods-JDPushContentExtension.debug.xcconfig"; sourceTree = "<group>"; };
		6C392D25EA1DB149077B0FD6 /* libPods-JDWatch.a */ = {isa = PBXFileReference; explicitFileType = archive.ar; includeInIndex = 0; path = "libPods-JDWatch.a"; sourceTree = BUILT_PRODUCTS_DIR; };
		7CE208AB0B7629391170CABA /* libPods-StickerPackExtension.a */ = {isa = PBXFileReference; explicitFileType = archive.ar; includeInIndex = 0; path = "libPods-StickerPackExtension.a"; sourceTree = BUILT_PRODUCTS_DIR; };
		8F6B9E8CB9A6DBD98C93E8D2 /* Pods-JDWatchExtension.release.xcconfig */ = {isa = PBXFileReference; includeInIndex = 1; lastKnownFileType = text.xcconfig; name = "Pods-JDWatchExtension.release.xcconfig"; path = "Target Support Files/Pods-JDWatchExtension/Pods-JDWatchExtension.release.xcconfig"; sourceTree = "<group>"; };
		9BA9760685BFA53847DA6956 /* Pods-StickerPackExtension.debug.xcconfig */ = {isa = PBXFileReference; includeInIndex = 1; lastKnownFileType = text.xcconfig; name = "Pods-StickerPackExtension.debug.xcconfig"; path = "Target Support Files/Pods-StickerPackExtension/Pods-StickerPackExtension.debug.xcconfig"; sourceTree = "<group>"; };
		9EE53F41FC74FC69C19875DC /* Pods-JDPushServiceExtension.adhoc.xcconfig */ = {isa = PBXFileReference; includeInIndex = 1; lastKnownFileType = text.xcconfig; name = "Pods-JDPushServiceExtension.adhoc.xcconfig"; path = "Target Support Files/Pods-JDPushServiceExtension/Pods-JDPushServiceExtension.adhoc.xcconfig"; sourceTree = "<group>"; };
		A8B046A6AE22D3DCDF005D22 /* Pods-JDWatch.adhoc.xcconfig */ = {isa = PBXFileReference; includeInIndex = 1; lastKnownFileType = text.xcconfig; name = "Pods-JDWatch.adhoc.xcconfig"; path = "Target Support Files/Pods-JDWatch/Pods-JDWatch.adhoc.xcconfig"; sourceTree = "<group>"; };
		B0120E7E1EE4F6E900661D50 /* Default-568h@2x.png */ = {isa = PBXFileReference; lastKnownFileType = image.png; path = "Default-568h@2x.png"; sourceTree = "<group>"; };
		B0120E7F1EE4F6E900661D50 /* Default-667h@2x.png */ = {isa = PBXFileReference; lastKnownFileType = image.png; path = "Default-667h@2x.png"; sourceTree = "<group>"; };
		B0120E801EE4F6E900661D50 /* Default-736h@3x.png */ = {isa = PBXFileReference; lastKnownFileType = image.png; path = "Default-736h@3x.png"; sourceTree = "<group>"; };
		B0120E811EE4F6E900661D50 /* Default.png */ = {isa = PBXFileReference; lastKnownFileType = image.png; path = Default.png; sourceTree = "<group>"; };
		B0120E821EE4F6E900661D50 /* Default@2x.png */ = {isa = PBXFileReference; lastKnownFileType = image.png; path = "Default@2x.png"; sourceTree = "<group>"; };
		B0120E941EE6527600661D50 /* Main.storyboard */ = {isa = PBXFileReference; fileEncoding = 4; lastKnownFileType = file.storyboard; path = Main.storyboard; sourceTree = "<group>"; };
		B0A203F36D45458D942226CB /* Pods-StickerPackExtension.release.xcconfig */ = {isa = PBXFileReference; includeInIndex = 1; lastKnownFileType = text.xcconfig; name = "Pods-StickerPackExtension.release.xcconfig"; path = "Target Support Files/Pods-StickerPackExtension/Pods-StickerPackExtension.release.xcconfig"; sourceTree = "<group>"; };
		BF14676F92A3370558B9FDC5 /* Pods-StickerPackExtension.adhoc.xcconfig */ = {isa = PBXFileReference; includeInIndex = 1; lastKnownFileType = text.xcconfig; name = "Pods-StickerPackExtension.adhoc.xcconfig"; path = "Target Support Files/Pods-StickerPackExtension/Pods-StickerPackExtension.adhoc.xcconfig"; sourceTree = "<group>"; };
		BF1E4F8A9191B51E1ABA95E2 /* Pods-JDWatch.debug.xcconfig */ = {isa = PBXFileReference; includeInIndex = 1; lastKnownFileType = text.xcconfig; name = "Pods-JDWatch.debug.xcconfig"; path = "Target Support Files/Pods-JDWatch/Pods-JDWatch.debug.xcconfig"; sourceTree = "<group>"; };
		BF4DA3395A5F35405A744A3A /* Pods-JDPushContentExtension.release.xcconfig */ = {isa = PBXFileReference; includeInIndex = 1; lastKnownFileType = text.xcconfig; name = "Pods-JDPushContentExtension.release.xcconfig"; path = "Target Support Files/Pods-JDPushContentExtension/Pods-JDPushContentExtension.release.xcconfig"; sourceTree = "<group>"; };
		C84468233388DCC6750006BB /* Pods-HDVideoCallModule_Example.adhoc.xcconfig */ = {isa = PBXFileReference; includeInIndex = 1; lastKnownFileType = text.xcconfig; name = "Pods-HDVideoCallModule_Example.adhoc.xcconfig"; path = "Target Support Files/Pods-HDVideoCallModule_Example/Pods-HDVideoCallModule_Example.adhoc.xcconfig"; sourceTree = "<group>"; };
		EC4A728778701BB289BF4F5D /* Pods-JDWatchExtension.debug.xcconfig */ = {isa = PBXFileReference; includeInIndex = 1; lastKnownFileType = text.xcconfig; name = "Pods-JDWatchExtension.debug.xcconfig"; path = "Target Support Files/Pods-JDWatchExtension/Pods-JDWatchExtension.debug.xcconfig"; sourceTree = "<group>"; };
		F0F8B22B004BADECE1373EF6 /* Pods-JDWatchExtension.adhoc.xcconfig */ = {isa = PBXFileReference; includeInIndex = 1; lastKnownFileType = text.xcconfig; name = "Pods-JDWatchExtension.adhoc.xcconfig"; path = "Target Support Files/Pods-JDWatchExtension/Pods-JDWatchExtension.adhoc.xcconfig"; sourceTree = "<group>"; };
		FD796832B2FAC33915F8CC1A /* Pods-JDPushServiceExtension.debug.xcconfig */ = {isa = PBXFileReference; includeInIndex = 1; lastKnownFileType = text.xcconfig; name = "Pods-JDPushServiceExtension.debug.xcconfig"; path = "Target Support Files/Pods-JDPushServiceExtension/Pods-JDPushServiceExtension.debug.xcconfig"; sourceTree = "<group>"; };
		FF3CD5E1736E9D6B3A860452 /* libPods-JDWatchExtension.a */ = {isa = PBXFileReference; explicitFileType = archive.ar; includeInIndex = 0; path = "libPods-JDWatchExtension.a"; sourceTree = BUILT_PRODUCTS_DIR; };
/* End PBXFileReference section */

/* Begin PBXFrameworksBuildPhase section */
		6003F587195388D20070C39A /* Frameworks */ = {
			isa = PBXFrameworksBuildPhase;
			buildActionMask = 2147483647;
			files = (
				6003F590195388D20070C39A /* CoreGraphics.framework in Frameworks */,
				6003F592195388D20070C39A /* UIKit.framework in Frameworks */,
				6003F58E195388D20070C39A /* Foundation.framework in Frameworks */,
				F65CB15A175C4FE68126909E /* libPods-HDVideoCallModule_Example.a in Frameworks */,
			);
			runOnlyForDeploymentPostprocessing = 0;
		};
/* End PBXFrameworksBuildPhase section */

/* Begin PBXGroup section */
		0C74679B1EF38D08003A1D44 /* JDWatchExtension */ = {
			isa = PBXGroup;
			children = (
				0C74679C1EF38D08003A1D44 /* Assets.xcassets */,
				0C74679D1EF38D08003A1D44 /* ExtensionDelegate.h */,
				0C74679E1EF38D08003A1D44 /* ExtensionDelegate.m */,
				0C74679F1EF38D08003A1D44 /* Info.plist */,
				0C7467A01EF38D08003A1D44 /* InterfaceController.h */,
				0C7467A11EF38D08003A1D44 /* InterfaceController.m */,
				0C7467A21EF38D08003A1D44 /* NotificationController.h */,
				0C7467A31EF38D08003A1D44 /* NotificationController.m */,
				0C7467A41EF38D08003A1D44 /* PushNotificationPayload.apns */,
			);
			path = JDWatchExtension;
			sourceTree = "<group>";
		};
		0CAD7E501EF1185F0080E3BD /* JDTodayExtension */ = {
			isa = PBXGroup;
			children = (
				0CAD7E511EF1185F0080E3BD /* TodayViewController.h */,
				0CAD7E521EF1185F0080E3BD /* TodayViewController.m */,
				0CAD7E541EF118600080E3BD /* MainInterface.storyboard */,
				0CAD7E571EF118600080E3BD /* Info.plist */,
			);
			path = JDTodayExtension;
			sourceTree = "<group>";
		};
		0CAD7E9B1EF119A30080E3BD /* JDWatch */ = {
			isa = PBXGroup;
			children = (
				0CAD7E9C1EF119A30080E3BD /* Interface.storyboard */,
				0CAD7E9F1EF119A40080E3BD /* Assets.xcassets */,
				0CAD7EA11EF119A40080E3BD /* Info.plist */,
			);
			path = JDWatch;
			sourceTree = "<group>";
		};
		0CAD7EDA1EF11B3C0080E3BD /* JDPushServiceExtension */ = {
			isa = PBXGroup;
			children = (
				0CAD7EDB1EF11B3C0080E3BD /* NotificationService.h */,
				0CAD7EDC1EF11B3C0080E3BD /* NotificationService.m */,
				0CAD7EDE1EF11B3C0080E3BD /* Info.plist */,
			);
			path = JDPushServiceExtension;
			sourceTree = "<group>";
		};
		0CAD7EEE1EF11B560080E3BD /* JDPushContentExtension */ = {
			isa = PBXGroup;
			children = (
				0CAD7EEF1EF11B560080E3BD /* NotificationViewController.h */,
				0CAD7EF01EF11B560080E3BD /* NotificationViewController.m */,
				0CAD7EF21EF11B570080E3BD /* MainInterface.storyboard */,
				0CAD7EF51EF11B570080E3BD /* Info.plist */,
			);
			path = JDPushContentExtension;
			sourceTree = "<group>";
		};
		0CAD7EFF1EF11B6A0080E3BD /* StickerPackExtension */ = {
			isa = PBXGroup;
			children = (
				0CAD7F001EF11B6A0080E3BD /* Stickers.xcassets */,
				0CAD7F021EF11B6A0080E3BD /* Info.plist */,
			);
			path = StickerPackExtension;
			sourceTree = "<group>";
		};
		0CAD7F191EF234650080E3BD /* JDConfigurations */ = {
			isa = PBXGroup;
			children = (
				0CAD7F491EF234650080E3BD /* README.md */,
				0CAD7F471EF234650080E3BD /* Profile_JD.xcconfig */,
				0CAD7F481EF234650080E3BD /* Profile_SK.xcconfig */,
				0CAD7F3E1EF234650080E3BD /* Common.xcconfig */,
				0CAD7F1A1EF234650080E3BD /* adhoc */,
				0CAD7F3F1EF234650080E3BD /* debug */,
				0CAD7F4A1EF234650080E3BD /* release */,
			);
			name = JDConfigurations;
			path = "~/.iBiu/iBiuClient/apps/hdhealth/JDConfigurations";
			sourceTree = "<group>";
		};
		0CAD7F1A1EF234650080E3BD /* adhoc */ = {
			isa = PBXGroup;
			children = (
				0CAD7F1B1EF234650080E3BD /* JD4iPhone_adhoc.xcconfig */,
				0CAD7F1C1EF234650080E3BD /* JDMobileStickerPackExtension_adhoc.xcconfig */,
				0CAD7F1D1EF234650080E3BD /* JDPushContentExtension_adhoc.xcconfig */,
				0CAD7F1E1EF234650080E3BD /* JDPushServiceExtension_adhoc.xcconfig */,
				0CAD7F1F1EF234650080E3BD /* JDTodayExtension_adhoc.xcconfig */,
				0CAD7F201EF234650080E3BD /* JDWatch_adhoc.xcconfig */,
				0CAD7F211EF234650080E3BD /* JDWatchExtension_adhoc.xcconfig */,
			);
			path = adhoc;
			sourceTree = "<group>";
		};
		0CAD7F3F1EF234650080E3BD /* debug */ = {
			isa = PBXGroup;
			children = (
				0CAD7F401EF234650080E3BD /* JD4iPhone_debug.xcconfig */,
				0CAD7F411EF234650080E3BD /* JDMobileStickerPackExtension_debug.xcconfig */,
				0CAD7F421EF234650080E3BD /* JDPushContentExtension_debug.xcconfig */,
				0CAD7F431EF234650080E3BD /* JDPushServiceExtension_debug.xcconfig */,
				0CAD7F441EF234650080E3BD /* JDTodayExtension_debug.xcconfig */,
				0CAD7F451EF234650080E3BD /* JDWatch_debug.xcconfig */,
				0CAD7F461EF234650080E3BD /* JDWatchExtension_debug.xcconfig */,
			);
			path = debug;
			sourceTree = "<group>";
		};
		0CAD7F4A1EF234650080E3BD /* release */ = {
			isa = PBXGroup;
			children = (
				0CAD7F4B1EF234650080E3BD /* JD4iPhone_release.xcconfig */,
				0CAD7F4C1EF234650080E3BD /* JDMobileStickerPackExtension_release.xcconfig */,
				0CAD7F4D1EF234650080E3BD /* JDPushContentExtension_release.xcconfig */,
				0CAD7F4E1EF234650080E3BD /* JDPushServiceExtensionn_release.xcconfig */,
				0CAD7F4F1EF234650080E3BD /* JDTodayExtension_release.xcconfig */,
				0CAD7F501EF234650080E3BD /* JDWatch_release.xcconfig */,
				0CAD7F511EF234650080E3BD /* JDWatchExtension_release.xcconfig */,
			);
			path = release;
			sourceTree = "<group>";
		};
		6003F581195388D10070C39A = {
			isa = PBXGroup;
			children = (
				0CAD7F191EF234650080E3BD /* JDConfigurations */,
				60FF7A9C1954A5C5007DD14C /* Podspec Metadata */,
				6003F593195388D20070C39A /* Example for HDVideoCallModule */,
				6003F5B5195388D20070C39A /* Tests */,
				0CAD7E501EF1185F0080E3BD /* JDTodayExtension */,
				0CAD7E9B1EF119A30080E3BD /* JDWatch */,
				0C74679B1EF38D08003A1D44 /* JDWatchExtension */,
				0CAD7EDA1EF11B3C0080E3BD /* JDPushServiceExtension */,
				0CAD7EEE1EF11B560080E3BD /* JDPushContentExtension */,
				0CAD7EFF1EF11B6A0080E3BD /* StickerPackExtension */,
				6003F58C195388D20070C39A /* Frameworks */,
				6003F58B195388D20070C39A /* Products */,
				6D1E2F82933FEDC4FF09DB54 /* Pods */,
			);
			sourceTree = "<group>";
		};
		6003F58B195388D20070C39A /* Products */ = {
			isa = PBXGroup;
			children = (
				6003F58A195388D20070C39A /* HDVideoCallModule_Example.app */,
			);
			name = Products;
			sourceTree = "<group>";
		};
		6003F58C195388D20070C39A /* Frameworks */ = {
			isa = PBXGroup;
			children = (
				6003F58D195388D20070C39A /* Foundation.framework */,
				6003F58F195388D20070C39A /* CoreGraphics.framework */,
				6003F591195388D20070C39A /* UIKit.framework */,
				6003F5AF195388D20070C39A /* XCTest.framework */,
				0CAD7E4E1EF1185F0080E3BD /* NotificationCenter.framework */,
				0CAD7EEA1EF11B560080E3BD /* UserNotifications.framework */,
				0CAD7EEC1EF11B560080E3BD /* UserNotificationsUI.framework */,
				5B6D8FFBD005F618A079BD69 /* libPods-HDVideoCallModule_Example.a */,
				2F8B83C6243BE0D3B59E85E3 /* libPods-JDPushContentExtension.a */,
				16215A949BC80CC163ECE03A /* libPods-JDPushServiceExtension.a */,
				20DE34DC9E1AE3D4ADA5B6BE /* libPods-JDTodayExtension.a */,
				6C392D25EA1DB149077B0FD6 /* libPods-JDWatch.a */,
				FF3CD5E1736E9D6B3A860452 /* libPods-JDWatchExtension.a */,
				7CE208AB0B7629391170CABA /* libPods-StickerPackExtension.a */,
			);
			name = Frameworks;
			sourceTree = "<group>";
		};
		6003F593195388D20070C39A /* Example for HDVideoCallModule */ = {
			isa = PBXGroup;
			children = (
				B0120E7C1EE4F6E900661D50 /* Resource */,
				6003F59C195388D20070C39A /* AppDelegate.h */,
				6003F59D195388D20070C39A /* AppDelegate.m */,
				6003F5A5195388D20070C39A /* EXHDViewController.h */,
				6003F5A6195388D20070C39A /* EXHDViewController.m */,
				B0120E941EE6527600661D50 /* Main.storyboard */,
				6003F5A8195388D20070C39A /* Images.xcassets */,
				6003F594195388D20070C39A /* Supporting Files */,
			);
			name = "Example for HDVideoCallModule";
			path = HDVideoCallModule;
			sourceTree = "<group>";
		};
		6003F594195388D20070C39A /* Supporting Files */ = {
			isa = PBXGroup;
			children = (
				6003F595195388D20070C39A /* HDVideoCallModule-Info.plist */,
				6003F596195388D20070C39A /* InfoPlist.strings */,
				6003F599195388D20070C39A /* main.m */,
				6003F59B195388D20070C39A /* HDVideoCallModule-Prefix.pch */,
			);
			name = "Supporting Files";
			sourceTree = "<group>";
		};
		6003F5B5195388D20070C39A /* Tests */ = {
			isa = PBXGroup;
			children = (
				6003F5BB195388D20070C39A /* Tests.m */,
				6003F5B6195388D20070C39A /* Supporting Files */,
			);
			path = Tests;
			sourceTree = "<group>";
		};
		6003F5B6195388D20070C39A /* Supporting Files */ = {
			isa = PBXGroup;
			children = (
				6003F5B7195388D20070C39A /* Tests-Info.plist */,
				6003F5B8195388D20070C39A /* InfoPlist.strings */,
				606FC2411953D9B200FFA9A0 /* Tests-Prefix.pch */,
			);
			name = "Supporting Files";
			sourceTree = "<group>";
		};
		60FF7A9C1954A5C5007DD14C /* Podspec Metadata */ = {
			isa = PBXGroup;
			children = (
				1F81B693A092BC9C9D8242E7 /* HDVideoCallModule.podspec */,
				1E418DFCC0C49B822DB7996E /* README.md */,
				4690EB42C6A6C2229207D222 /* LICENSE */,
			);
			name = "Podspec Metadata";
			sourceTree = "<group>";
		};
		6D1E2F82933FEDC4FF09DB54 /* Pods */ = {
			isa = PBXGroup;
			children = (
				5A091D51051048114D274D2A /* Pods-HDVideoCallModule_Example.debug.xcconfig */,
				2F0BF2F7113A64FCEEA11104 /* Pods-HDVideoCallModule_Example.release.xcconfig */,
				C84468233388DCC6750006BB /* Pods-HDVideoCallModule_Example.adhoc.xcconfig */,
				64D081783AAD4F7747357983 /* Pods-JDPushContentExtension.debug.xcconfig */,
				BF4DA3395A5F35405A744A3A /* Pods-JDPushContentExtension.release.xcconfig */,
				47D685730036BB674D65E17E /* Pods-JDPushContentExtension.adhoc.xcconfig */,
				FD796832B2FAC33915F8CC1A /* Pods-JDPushServiceExtension.debug.xcconfig */,
				464729799FDBEE79661B547B /* Pods-JDPushServiceExtension.release.xcconfig */,
				9EE53F41FC74FC69C19875DC /* Pods-JDPushServiceExtension.adhoc.xcconfig */,
				41AC4275094ACA76AB81CF55 /* Pods-JDTodayExtension.debug.xcconfig */,
				568EC0BDB569DEDE1A1BE102 /* Pods-JDTodayExtension.release.xcconfig */,
				42123A97301A8A3093EEC37F /* Pods-JDTodayExtension.adhoc.xcconfig */,
				BF1E4F8A9191B51E1ABA95E2 /* Pods-JDWatch.debug.xcconfig */,
				1DD141D91249FA49098774C3 /* Pods-JDWatch.release.xcconfig */,
				A8B046A6AE22D3DCDF005D22 /* Pods-JDWatch.adhoc.xcconfig */,
				EC4A728778701BB289BF4F5D /* Pods-JDWatchExtension.debug.xcconfig */,
				8F6B9E8CB9A6DBD98C93E8D2 /* Pods-JDWatchExtension.release.xcconfig */,
				F0F8B22B004BADECE1373EF6 /* Pods-JDWatchExtension.adhoc.xcconfig */,
				9BA9760685BFA53847DA6956 /* Pods-StickerPackExtension.debug.xcconfig */,
				B0A203F36D45458D942226CB /* Pods-StickerPackExtension.release.xcconfig */,
				BF14676F92A3370558B9FDC5 /* Pods-StickerPackExtension.adhoc.xcconfig */,
			);
			path = Pods;
			sourceTree = "<group>";
		};
		B0120E7C1EE4F6E900661D50 /* Resource */ = {
			isa = PBXGroup;
			children = (
				B0120E7D1EE4F6E900661D50 /* default */,
			);
			path = Resource;
			sourceTree = "<group>";
		};
		B0120E7D1EE4F6E900661D50 /* default */ = {
			isa = PBXGroup;
			children = (
				B0120E7E1EE4F6E900661D50 /* Default-568h@2x.png */,
				B0120E7F1EE4F6E900661D50 /* Default-667h@2x.png */,
				B0120E801EE4F6E900661D50 /* Default-736h@3x.png */,
				B0120E811EE4F6E900661D50 /* Default.png */,
				B0120E821EE4F6E900661D50 /* Default@2x.png */,
			);
			path = default;
			sourceTree = "<group>";
		};
/* End PBXGroup section */

/* Begin PBXNativeTarget section */
		6003F589195388D20070C39A /* HDVideoCallModule_Example */ = {
			isa = PBXNativeTarget;
			buildConfigurationList = 6003F5BF195388D20070C39A /* Build configuration list for PBXNativeTarget "HDVideoCallModule_Example" */;
			buildPhases = (
				D9AB7251F491F743FDDA87CB /* [CP] Check Pods Manifest.lock */,
				6003F586195388D20070C39A /* Sources */,
				6003F587195388D20070C39A /* Frameworks */,
				6003F588195388D20070C39A /* Resources */,
				0CAD7E5E1EF118600080E3BD /* Embed App Extensions */,
				0CAD7E8A1EF118BF0080E3BD /* Embed Watch Content */,
				DF42B0E06C8D2F4524B8182F /* [CP] Embed Pods Frameworks */,
				4FA8E97EC3105C1922D194C9 /* [CP] Copy Pods Resources */,
			);
			buildRules = (
			);
			dependencies = (
			);
			name = HDVideoCallModule_Example;
			productName = HDVideoCallModule;
			productReference = 6003F58A195388D20070C39A /* HDVideoCallModule_Example.app */;
			productType = "com.apple.product-type.application";
		};
/* End PBXNativeTarget section */

/* Begin PBXProject section */
		6003F582195388D10070C39A /* Project object */ = {
			isa = PBXProject;
			attributes = {
				CLASSPREFIX = EXHD;
				LastUpgradeCheck = 0720;
				ORGANIZATIONNAME = "王俊祥";
				TargetAttributes = {
					6003F589195388D20070C39A = {
						DevelopmentTeam = K6GMSMH6M3;
						ProvisioningStyle = Manual;
					};
				};
			};
			buildConfigurationList = 6003F585195388D10070C39A /* Build configuration list for PBXProject "HDVideoCallModule" */;
			compatibilityVersion = "Xcode 3.2";
			developmentRegion = English;
			hasScannedForEncodings = 0;
			knownRegions = (
				English,
				en,
				Base,
			);
			mainGroup = 6003F581195388D10070C39A;
			productRefGroup = 6003F58B195388D20070C39A /* Products */;
			projectDirPath = "";
			projectRoot = "";
			targets = (
				6003F589195388D20070C39A /* HDVideoCallModule_Example */,
			);
		};
/* End PBXProject section */

/* Begin PBXResourcesBuildPhase section */
		6003F588195388D20070C39A /* Resources */ = {
			isa = PBXResourcesBuildPhase;
			buildActionMask = 2147483647;
			files = (
				B0120E871EE4F6E900661D50 /* Default@2x.png in Resources */,
				B0120E831EE4F6E900661D50 /* Default-568h@2x.png in Resources */,
				6003F5A9195388D20070C39A /* Images.xcassets in Resources */,
				B0120E951EE6527600661D50 /* Main.storyboard in Resources */,
				6003F598195388D20070C39A /* InfoPlist.strings in Resources */,
				B0120E861EE4F6E900661D50 /* Default.png in Resources */,
				B0120E841EE4F6E900661D50 /* Default-667h@2x.png in Resources */,
				B0120E851EE4F6E900661D50 /* Default-736h@3x.png in Resources */,
			);
			runOnlyForDeploymentPostprocessing = 0;
		};
/* End PBXResourcesBuildPhase section */

/* Begin PBXShellScriptBuildPhase section */
		4FA8E97EC3105C1922D194C9 /* [CP] Copy Pods Resources */ = {
			isa = PBXShellScriptBuildPhase;
			buildActionMask = 2147483647;
			files = (
			);
			inputFileListPaths = (
			);
			inputPaths = (
			);
			name = "[CP] Copy Pods Resources";
			outputFileListPaths = (
			);
			outputPaths = (
			);
			runOnlyForDeploymentPostprocessing = 0;
			shellPath = /bin/sh;
			shellScript = "\"${PODS_ROOT}/Target Support Files/Pods-HDVideoCallModule_Example/Pods-HDVideoCallModule_Example-resources.sh\"\n";
			showEnvVarsInLog = 0;
		};
		D9AB7251F491F743FDDA87CB /* [CP] Check Pods Manifest.lock */ = {
			isa = PBXShellScriptBuildPhase;
			buildActionMask = 2147483647;
			files = (
			);
			inputFileListPaths = (
			);
			inputPaths = (
				"${PODS_PODFILE_DIR_PATH}/Podfile.lock",
				"${PODS_ROOT}/Manifest.lock",
			);
			name = "[CP] Check Pods Manifest.lock";
			outputFileListPaths = (
			);
			outputPaths = (
				"$(DERIVED_FILE_DIR)/Pods-HDVideoCallModule_Example-checkManifestLockResult.txt",
			);
			runOnlyForDeploymentPostprocessing = 0;
			shellPath = /bin/sh;
			shellScript = "diff \"${PODS_PODFILE_DIR_PATH}/Podfile.lock\" \"${PODS_ROOT}/Manifest.lock\" > /dev/null\nif [ $? != 0 ] ; then\n    # print error to STDERR\n    echo \"error: The sandbox is not in sync with the Podfile.lock. Run 'pod install' or update your CocoaPods installation.\" >&2\n    exit 1\nfi\n# This output is used by Xcode 'outputs' to avoid re-running this script phase.\necho \"SUCCESS\" > \"${SCRIPT_OUTPUT_FILE_0}\"\n";
			showEnvVarsInLog = 0;
		};
		DF42B0E06C8D2F4524B8182F /* [CP] Embed Pods Frameworks */ = {
			isa = PBXShellScriptBuildPhase;
			buildActionMask = 2147483647;
			files = (
			);
			inputFileListPaths = (
			);
			inputPaths = (
			);
			name = "[CP] Embed Pods Frameworks";
			outputFileListPaths = (
			);
			outputPaths = (
			);
			runOnlyForDeploymentPostprocessing = 0;
			shellPath = /bin/sh;
			shellScript = "\"${PODS_ROOT}/Target Support Files/Pods-HDVideoCallModule_Example/Pods-HDVideoCallModule_Example-frameworks.sh\"\n";
			showEnvVarsInLog = 0;
		};
/* End PBXShellScriptBuildPhase section */

/* Begin PBXSourcesBuildPhase section */
		6003F586195388D20070C39A /* Sources */ = {
			isa = PBXSourcesBuildPhase;
			buildActionMask = 2147483647;
			files = (
				6003F59E195388D20070C39A /* AppDelegate.m in Sources */,
				6003F5A7195388D20070C39A /* EXHDViewController.m in Sources */,
				6003F59A195388D20070C39A /* main.m in Sources */,
			);
			runOnlyForDeploymentPostprocessing = 0;
		};
/* End PBXSourcesBuildPhase section */

/* Begin PBXVariantGroup section */
		0CAD7E541EF118600080E3BD /* MainInterface.storyboard */ = {
			isa = PBXVariantGroup;
			children = (
				0CAD7E551EF118600080E3BD /* Base */,
			);
			name = MainInterface.storyboard;
			sourceTree = "<group>";
		};
		0CAD7E9C1EF119A30080E3BD /* Interface.storyboard */ = {
			isa = PBXVariantGroup;
			children = (
				0CAD7E9D1EF119A30080E3BD /* Base */,
			);
			name = Interface.storyboard;
			sourceTree = "<group>";
		};
		0CAD7EF21EF11B570080E3BD /* MainInterface.storyboard */ = {
			isa = PBXVariantGroup;
			children = (
				0CAD7EF31EF11B570080E3BD /* Base */,
			);
			name = MainInterface.storyboard;
			sourceTree = "<group>";
		};
		6003F596195388D20070C39A /* InfoPlist.strings */ = {
			isa = PBXVariantGroup;
			children = (
				6003F597195388D20070C39A /* en */,
			);
			name = InfoPlist.strings;
			sourceTree = "<group>";
		};
		6003F5B8195388D20070C39A /* InfoPlist.strings */ = {
			isa = PBXVariantGroup;
			children = (
				6003F5B9195388D20070C39A /* en */,
			);
			name = InfoPlist.strings;
			sourceTree = "<group>";
		};
/* End PBXVariantGroup section */

/* Begin XCBuildConfiguration section */
		0CAD7F111EF11D8C0080E3BD /* Adhoc */ = {
			isa = XCBuildConfiguration;
			buildSettings = {
				ALWAYS_SEARCH_USER_PATHS = NO;
				CLANG_CXX_LANGUAGE_STANDARD = "gnu++0x";
				CLANG_CXX_LIBRARY = "libc++";
				CLANG_ENABLE_MODULES = YES;
				CLANG_ENABLE_OBJC_ARC = YES;
				CLANG_WARN_BOOL_CONVERSION = YES;
				CLANG_WARN_CONSTANT_CONVERSION = YES;
				CLANG_WARN_DIRECT_OBJC_ISA_USAGE = YES_ERROR;
				CLANG_WARN_EMPTY_BODY = YES;
				CLANG_WARN_ENUM_CONVERSION = YES;
				CLANG_WARN_INT_CONVERSION = YES;
				CLANG_WARN_OBJC_ROOT_CLASS = YES_ERROR;
				CLANG_WARN__DUPLICATE_METHOD_MATCH = YES;
				"CODE_SIGN_IDENTITY[sdk=iphoneos*]" = "iPhone Developer";
				COPY_PHASE_STRIP = YES;
				ENABLE_NS_ASSERTIONS = NO;
				GCC_C_LANGUAGE_STANDARD = gnu99;
				GCC_WARN_64_TO_32_BIT_CONVERSION = YES;
				GCC_WARN_ABOUT_RETURN_TYPE = YES_ERROR;
				GCC_WARN_UNDECLARED_SELECTOR = YES;
				GCC_WARN_UNINITIALIZED_AUTOS = YES_AGGRESSIVE;
				GCC_WARN_UNUSED_FUNCTION = YES;
				GCC_WARN_UNUSED_VARIABLE = YES;
				IPHONEOS_DEPLOYMENT_TARGET = 7.0;
				SDKROOT = iphoneos;
				TARGETED_DEVICE_FAMILY = "1,2";
				VALIDATE_PRODUCT = YES;
			};
			name = Adhoc;
		};
		0CAD7F121EF11D8C0080E3BD /* Adhoc */ = {
			isa = XCBuildConfiguration;
			baseConfigurationReference = C84468233388DCC6750006BB /* Pods-HDVideoCallModule_Example.adhoc.xcconfig */;
			buildSettings = {
				ASSETCATALOG_COMPILER_APPICON_NAME = AppIcon;
				ASSETCATALOG_COMPILER_LAUNCHIMAGE_NAME = LaunchImage;
				CODE_SIGN_IDENTITY = "iPhone Developer";
				CODE_SIGN_STYLE = Manual;
				DEVELOPMENT_TEAM = K6GMSMH6M3;
				ENABLE_BITCODE = NO;
				GCC_PRECOMPILE_PREFIX_HEADER = YES;
				GCC_PREFIX_HEADER = "HDVideoCallModule/HDVideoCallModule-Prefix.pch";
				INFOPLIST_FILE = "HDVideoCallModule/HDVideoCallModule-Info.plist";
				IPHONEOS_DEPLOYMENT_TARGET = 8.0;
				MODULE_NAME = ExampleApp;
				PRODUCT_BUNDLE_IDENTIFIER = com.jd.hospital;
				PRODUCT_NAME = "$(TARGET_NAME)";
				PROVISIONING_PROFILE = "$PROFILE_XCFG";
				PROVISIONING_PROFILE_SPECIFIER = com.jd.hospital_Development;
				WRAPPER_EXTENSION = app;
			};
			name = Adhoc;
		};
		6003F5BD195388D20070C39A /* Debug */ = {
			isa = XCBuildConfiguration;
			buildSettings = {
				ALWAYS_SEARCH_USER_PATHS = NO;
				CLANG_CXX_LANGUAGE_STANDARD = "gnu++0x";
				CLANG_CXX_LIBRARY = "libc++";
				CLANG_ENABLE_MODULES = YES;
				CLANG_ENABLE_OBJC_ARC = YES;
				CLANG_WARN_BOOL_CONVERSION = YES;
				CLANG_WARN_CONSTANT_CONVERSION = YES;
				CLANG_WARN_DIRECT_OBJC_ISA_USAGE = YES_ERROR;
				CLANG_WARN_EMPTY_BODY = YES;
				CLANG_WARN_ENUM_CONVERSION = YES;
				CLANG_WARN_INT_CONVERSION = YES;
				CLANG_WARN_OBJC_ROOT_CLASS = YES_ERROR;
				CLANG_WARN__DUPLICATE_METHOD_MATCH = YES;
				"CODE_SIGN_IDENTITY[sdk=iphoneos*]" = "iPhone Developer";
				COPY_PHASE_STRIP = NO;
				ENABLE_TESTABILITY = YES;
				GCC_C_LANGUAGE_STANDARD = gnu99;
				GCC_DYNAMIC_NO_PIC = NO;
				GCC_OPTIMIZATION_LEVEL = 0;
				GCC_PREPROCESSOR_DEFINITIONS = (
					"DEBUG=1",
					"$(inherited)",
				);
				GCC_SYMBOLS_PRIVATE_EXTERN = NO;
				GCC_WARN_64_TO_32_BIT_CONVERSION = YES;
				GCC_WARN_ABOUT_RETURN_TYPE = YES_ERROR;
				GCC_WARN_UNDECLARED_SELECTOR = YES;
				GCC_WARN_UNINITIALIZED_AUTOS = YES_AGGRESSIVE;
				GCC_WARN_UNUSED_FUNCTION = YES;
				GCC_WARN_UNUSED_VARIABLE = YES;
				IPHONEOS_DEPLOYMENT_TARGET = 7.0;
				ONLY_ACTIVE_ARCH = YES;
				SDKROOT = iphoneos;
				TARGETED_DEVICE_FAMILY = "1,2";
			};
			name = Debug;
		};
		6003F5BE195388D20070C39A /* Release */ = {
			isa = XCBuildConfiguration;
			buildSettings = {
				ALWAYS_SEARCH_USER_PATHS = NO;
				CLANG_CXX_LANGUAGE_STANDARD = "gnu++0x";
				CLANG_CXX_LIBRARY = "libc++";
				CLANG_ENABLE_MODULES = YES;
				CLANG_ENABLE_OBJC_ARC = YES;
				CLANG_WARN_BOOL_CONVERSION = YES;
				CLANG_WARN_CONSTANT_CONVERSION = YES;
				CLANG_WARN_DIRECT_OBJC_ISA_USAGE = YES_ERROR;
				CLANG_WARN_EMPTY_BODY = YES;
				CLANG_WARN_ENUM_CONVERSION = YES;
				CLANG_WARN_INT_CONVERSION = YES;
				CLANG_WARN_OBJC_ROOT_CLASS = YES_ERROR;
				CLANG_WARN__DUPLICATE_METHOD_MATCH = YES;
				"CODE_SIGN_IDENTITY[sdk=iphoneos*]" = "iPhone Developer";
				COPY_PHASE_STRIP = YES;
				ENABLE_NS_ASSERTIONS = NO;
				GCC_C_LANGUAGE_STANDARD = gnu99;
				GCC_WARN_64_TO_32_BIT_CONVERSION = YES;
				GCC_WARN_ABOUT_RETURN_TYPE = YES_ERROR;
				GCC_WARN_UNDECLARED_SELECTOR = YES;
				GCC_WARN_UNINITIALIZED_AUTOS = YES_AGGRESSIVE;
				GCC_WARN_UNUSED_FUNCTION = YES;
				GCC_WARN_UNUSED_VARIABLE = YES;
				IPHONEOS_DEPLOYMENT_TARGET = 7.0;
				SDKROOT = iphoneos;
				TARGETED_DEVICE_FAMILY = "1,2";
				VALIDATE_PRODUCT = YES;
			};
			name = Release;
		};
		6003F5C0195388D20070C39A /* Debug */ = {
			isa = XCBuildConfiguration;
			baseConfigurationReference = 5A091D51051048114D274D2A /* Pods-HDVideoCallModule_Example.debug.xcconfig */;
			buildSettings = {
				ASSETCATALOG_COMPILER_APPICON_NAME = AppIcon;
				ASSETCATALOG_COMPILER_LAUNCHIMAGE_NAME = LaunchImage;
				CODE_SIGN_IDENTITY = "iPhone Developer";
				CODE_SIGN_STYLE = Manual;
				DEVELOPMENT_TEAM = K6GMSMH6M3;
				ENABLE_BITCODE = NO;
				GCC_PRECOMPILE_PREFIX_HEADER = YES;
				GCC_PREFIX_HEADER = "HDVideoCallModule/HDVideoCallModule-Prefix.pch";
				INFOPLIST_FILE = "HDVideoCallModule/HDVideoCallModule-Info.plist";
				IPHONEOS_DEPLOYMENT_TARGET = 8.0;
				MODULE_NAME = ExampleApp;
				PRODUCT_BUNDLE_IDENTIFIER = com.jd.hospital;
				PRODUCT_NAME = "$(TARGET_NAME)";
				PROVISIONING_PROFILE = "$PROFILE_XCFG";
				PROVISIONING_PROFILE_SPECIFIER = com.jd.hospital_Development;
				WRAPPER_EXTENSION = app;
			};
			name = Debug;
		};
		6003F5C1195388D20070C39A /* Release */ = {
			isa = XCBuildConfiguration;
			baseConfigurationReference = 2F0BF2F7113A64FCEEA11104 /* Pods-HDVideoCallModule_Example.release.xcconfig */;
			buildSettings = {
				ASSETCATALOG_COMPILER_APPICON_NAME = AppIcon;
				ASSETCATALOG_COMPILER_LAUNCHIMAGE_NAME = LaunchImage;
				CODE_SIGN_IDENTITY = "iPhone Developer";
				CODE_SIGN_STYLE = Manual;
				DEVELOPMENT_TEAM = K6GMSMH6M3;
				ENABLE_BITCODE = NO;
				GCC_PRECOMPILE_PREFIX_HEADER = YES;
				GCC_PREFIX_HEADER = "HDVideoCallModule/HDVideoCallModule-Prefix.pch";
				INFOPLIST_FILE = "HDVideoCallModule/HDVideoCallModule-Info.plist";
				IPHONEOS_DEPLOYMENT_TARGET = 8.0;
				MODULE_NAME = ExampleApp;
				PRODUCT_BUNDLE_IDENTIFIER = com.jd.hospital;
				PRODUCT_NAME = "$(TARGET_NAME)";
				PROVISIONING_PROFILE = "$PROFILE_XCFG";
				PROVISIONING_PROFILE_SPECIFIER = com.jd.hospital_Development;
				WRAPPER_EXTENSION = app;
			};
			name = Release;
		};
/* End XCBuildConfiguration section */

/* Begin XCConfigurationList section */
		6003F585195388D10070C39A /* Build configuration list for PBXProject "HDVideoCallModule" */ = {
			isa = XCConfigurationList;
			buildConfigurations = (
				6003F5BD195388D20070C39A /* Debug */,
				6003F5BE195388D20070C39A /* Release */,
				0CAD7F111EF11D8C0080E3BD /* Adhoc */,
			);
			defaultConfigurationIsVisible = 0;
			defaultConfigurationName = Release;
		};
		6003F5BF195388D20070C39A /* Build configuration list for PBXNativeTarget "HDVideoCallModule_Example" */ = {
			isa = XCConfigurationList;
			buildConfigurations = (
				6003F5C0195388D20070C39A /* Debug */,
				6003F5C1195388D20070C39A /* Release */,
				0CAD7F121EF11D8C0080E3BD /* Adhoc */,
			);
			defaultConfigurationIsVisible = 0;
			defaultConfigurationName = Release;
		};
/* End XCConfigurationList section */
	};
	rootObject = 6003F582195388D10070C39A /* Project object */;
}
